// !$*UTF8*$!
{
	archiveVersion = 1;
	classes = {
	};
	objectVersion = 46;
	objects = {

/* Begin PBXBuildFile section */
		DA0C71451E9F125C00B4F978 /* CFSocketClient.swift in Sources */ = {isa = PBXBuildFile; fileRef = DA0C71441E9F125C00B4F978 /* CFSocketClient.swift */; };
		DA0C71461E9F125C00B4F978 /* CFSocketClient.swift in Sources */ = {isa = PBXBuildFile; fileRef = DA0C71441E9F125C00B4F978 /* CFSocketClient.swift */; };
		DA0C71471E9F172300B4F978 /* CFSocketClient.swift in Sources */ = {isa = PBXBuildFile; fileRef = DA0C71441E9F125C00B4F978 /* CFSocketClient.swift */; };
		DA0C71491E9F920100B4F978 /* NetworkDetect.swift in Sources */ = {isa = PBXBuildFile; fileRef = DA0C71481E9F920100B4F978 /* NetworkDetect.swift */; };
		DA0C714A1E9F920100B4F978 /* NetworkDetect.swift in Sources */ = {isa = PBXBuildFile; fileRef = DA0C71481E9F920100B4F978 /* NetworkDetect.swift */; };
		DA0C714B1E9F978B00B4F978 /* NetworkDetect.swift in Sources */ = {isa = PBXBuildFile; fileRef = DA0C71481E9F920100B4F978 /* NetworkDetect.swift */; };
		DA2F14691E9DC11C0096EFF3 /* CFNetworkUtil.m in Sources */ = {isa = PBXBuildFile; fileRef = DA2F14681E9DC11C0096EFF3 /* CFNetworkUtil.m */; };
		DA2F146A1E9DC11C0096EFF3 /* CFNetworkUtil.m in Sources */ = {isa = PBXBuildFile; fileRef = DA2F14681E9DC11C0096EFF3 /* CFNetworkUtil.m */; };
		DA2F146C1E9E0DE00096EFF3 /* CFNetworkUtilViewController.swift in Sources */ = {isa = PBXBuildFile; fileRef = DA2F146B1E9E0DE00096EFF3 /* CFNetworkUtilViewController.swift */; };
		DA2F14751E9E14A40096EFF3 /* CFSocketServer.m in Sources */ = {isa = PBXBuildFile; fileRef = DA2F14741E9E14A40096EFF3 /* CFSocketServer.m */; };
		DA2F14761E9E14A40096EFF3 /* CFSocketServer.m in Sources */ = {isa = PBXBuildFile; fileRef = DA2F14741E9E14A40096EFF3 /* CFSocketServer.m */; };
		DABFDB521E988A2700B75179 /* AppDelegate.swift in Sources */ = {isa = PBXBuildFile; fileRef = DABFDB511E988A2700B75179 /* AppDelegate.swift */; };
		DABFDB541E988A2700B75179 /* ViewController.swift in Sources */ = {isa = PBXBuildFile; fileRef = DABFDB531E988A2700B75179 /* ViewController.swift */; };
		DABFDB571E988A2700B75179 /* Main.storyboard in Resources */ = {isa = PBXBuildFile; fileRef = DABFDB551E988A2700B75179 /* Main.storyboard */; };
		DABFDB591E988A2700B75179 /* Assets.xcassets in Resources */ = {isa = PBXBuildFile; fileRef = DABFDB581E988A2700B75179 /* Assets.xcassets */; };
		DABFDB5C1E988A2700B75179 /* LaunchScreen.storyboard in Resources */ = {isa = PBXBuildFile; fileRef = DABFDB5A1E988A2700B75179 /* LaunchScreen.storyboard */; };
		DABFDB9A1E988B2800B75179 /* AppDelegate.swift in Sources */ = {isa = PBXBuildFile; fileRef = DABFDB991E988B2800B75179 /* AppDelegate.swift */; };
		DABFDB9C1E988B2800B75179 /* ViewController.swift in Sources */ = {isa = PBXBuildFile; fileRef = DABFDB9B1E988B2800B75179 /* ViewController.swift */; };
		DABFDB9E1E988B2800B75179 /* Assets.xcassets in Resources */ = {isa = PBXBuildFile; fileRef = DABFDB9D1E988B2800B75179 /* Assets.xcassets */; };
		DABFDBA11E988B2800B75179 /* Main.storyboard in Resources */ = {isa = PBXBuildFile; fileRef = DABFDB9F1E988B2800B75179 /* Main.storyboard */; };
		DABFDBAD1E988B8800B75179 /* UnitTesting.swift in Sources */ = {isa = PBXBuildFile; fileRef = DABFDBAC1E988B8800B75179 /* UnitTesting.swift */; };
		DABFDBB71E988D5100B75179 /* ByteOrderTest.swift in Sources */ = {isa = PBXBuildFile; fileRef = DABFDBB51E988D5100B75179 /* ByteOrderTest.swift */; };
		DABFDBB81E988D5100B75179 /* NetworkInterfaceTest.swift in Sources */ = {isa = PBXBuildFile; fileRef = DABFDBB61E988D5100B75179 /* NetworkInterfaceTest.swift */; };
		DABFDBC61E988D5B00B75179 /* AddrInfo.m in Sources */ = {isa = PBXBuildFile; fileRef = DABFDBBB1E988D5B00B75179 /* AddrInfo.m */; };
		DABFDBC71E988D5B00B75179 /* AddrInfo.m in Sources */ = {isa = PBXBuildFile; fileRef = DABFDBBB1E988D5B00B75179 /* AddrInfo.m */; };
		DABFDBC91E988D5B00B75179 /* BSDSocketClient.m in Sources */ = {isa = PBXBuildFile; fileRef = DABFDBBD1E988D5B00B75179 /* BSDSocketClient.m */; };
		DABFDBCA1E988D5B00B75179 /* BSDSocketClient.m in Sources */ = {isa = PBXBuildFile; fileRef = DABFDBBD1E988D5B00B75179 /* BSDSocketClient.m */; };
		DABFDBCC1E988D5B00B75179 /* BSDSocketServer.m in Sources */ = {isa = PBXBuildFile; fileRef = DABFDBBF1E988D5B00B75179 /* BSDSocketServer.m */; };
		DABFDBCD1E988D5B00B75179 /* BSDSocketServer.m in Sources */ = {isa = PBXBuildFile; fileRef = DABFDBBF1E988D5B00B75179 /* BSDSocketServer.m */; };
		DABFDBCF1E988D5B00B75179 /* ByteOrder.m in Sources */ = {isa = PBXBuildFile; fileRef = DABFDBC11E988D5B00B75179 /* ByteOrder.m */; };
		DABFDBD01E988D5B00B75179 /* ByteOrder.m in Sources */ = {isa = PBXBuildFile; fileRef = DABFDBC11E988D5B00B75179 /* ByteOrder.m */; };
		DABFDBD21E988D5B00B75179 /* NetworkInterfaceAddress.m in Sources */ = {isa = PBXBuildFile; fileRef = DABFDBC31E988D5B00B75179 /* NetworkInterfaceAddress.m */; };
		DABFDBD31E988D5B00B75179 /* NetworkInterfaceAddress.m in Sources */ = {isa = PBXBuildFile; fileRef = DABFDBC31E988D5B00B75179 /* NetworkInterfaceAddress.m */; };
		DABFDBD51E988D5B00B75179 /* NetworkInterfaceUtil.m in Sources */ = {isa = PBXBuildFile; fileRef = DABFDBC51E988D5B00B75179 /* NetworkInterfaceUtil.m */; };
		DABFDBD61E988D5B00B75179 /* NetworkInterfaceUtil.m in Sources */ = {isa = PBXBuildFile; fileRef = DABFDBC51E988D5B00B75179 /* NetworkInterfaceUtil.m */; };
		DABFDBDC1E98B52600B75179 /* SocketClientViewController.swift in Sources */ = {isa = PBXBuildFile; fileRef = DABFDBDB1E98B52600B75179 /* SocketClientViewController.swift */; };
		DAC372A31E9C7A2700B5F553 /* HostUtil.m in Sources */ = {isa = PBXBuildFile; fileRef = DAC372A11E9C7A2700B5F553 /* HostUtil.m */; };
/* End PBXBuildFile section */

/* Begin PBXContainerItemProxy section */
		DABFDBAF1E988B8800B75179 /* PBXContainerItemProxy */ = {
			isa = PBXContainerItemProxy;
			containerPortal = DA48A3B91E948A7400C342F2 /* Project object */;
			proxyType = 1;
			remoteGlobalIDString = DABFDB961E988B2800B75179;
			remoteInfo = Server;
		};
/* End PBXContainerItemProxy section */

/* Begin PBXFileReference section */
		DA0C71441E9F125C00B4F978 /* CFSocketClient.swift */ = {isa = PBXFileReference; fileEncoding = 4; lastKnownFileType = sourcecode.swift; path = CFSocketClient.swift; sourceTree = "<group>"; };
		DA0C71481E9F920100B4F978 /* NetworkDetect.swift */ = {isa = PBXFileReference; fileEncoding = 4; lastKnownFileType = sourcecode.swift; path = NetworkDetect.swift; sourceTree = "<group>"; };
		DA2F14671E9DC11C0096EFF3 /* CFNetworkUtil.h */ = {isa = PBXFileReference; fileEncoding = 4; lastKnownFileType = sourcecode.c.h; path = CFNetworkUtil.h; sourceTree = "<group>"; };
		DA2F14681E9DC11C0096EFF3 /* CFNetworkUtil.m */ = {isa = PBXFileReference; fileEncoding = 4; lastKnownFileType = sourcecode.c.objc; path = CFNetworkUtil.m; sourceTree = "<group>"; };
		DA2F146B1E9E0DE00096EFF3 /* CFNetworkUtilViewController.swift */ = {isa = PBXFileReference; fileEncoding = 4; lastKnownFileType = sourcecode.swift; path = CFNetworkUtilViewController.swift; sourceTree = "<group>"; };
		DA2F14731E9E14A40096EFF3 /* CFSocketServer.h */ = {isa = PBXFileReference; fileEncoding = 4; lastKnownFileType = sourcecode.c.h; path = CFSocketServer.h; sourceTree = "<group>"; };
		DA2F14741E9E14A40096EFF3 /* CFSocketServer.m */ = {isa = PBXFileReference; fileEncoding = 4; lastKnownFileType = sourcecode.c.objc; path = CFSocketServer.m; sourceTree = "<group>"; };
		DABFDB4F1E988A2700B75179 /* Client.app */ = {isa = PBXFileReference; explicitFileType = wrapper.application; includeInIndex = 0; path = Client.app; sourceTree = BUILT_PRODUCTS_DIR; };
		DABFDB511E988A2700B75179 /* AppDelegate.swift */ = {isa = PBXFileReference; lastKnownFileType = sourcecode.swift; path = AppDelegate.swift; sourceTree = "<group>"; };
		DABFDB531E988A2700B75179 /* ViewController.swift */ = {isa = PBXFileReference; lastKnownFileType = sourcecode.swift; path = ViewController.swift; sourceTree = "<group>"; };
		DABFDB561E988A2700B75179 /* Base */ = {isa = PBXFileReference; lastKnownFileType = file.storyboard; name = Base; path = Base.lproj/Main.storyboard; sourceTree = "<group>"; };
		DABFDB581E988A2700B75179 /* Assets.xcassets */ = {isa = PBXFileReference; lastKnownFileType = folder.assetcatalog; path = Assets.xcassets; sourceTree = "<group>"; };
		DABFDB5B1E988A2700B75179 /* Base */ = {isa = PBXFileReference; lastKnownFileType = file.storyboard; name = Base; path = Base.lproj/LaunchScreen.storyboard; sourceTree = "<group>"; };
		DABFDB5D1E988A2700B75179 /* Info.plist */ = {isa = PBXFileReference; lastKnownFileType = text.plist.xml; path = Info.plist; sourceTree = "<group>"; };
		DABFDB971E988B2800B75179 /* Server.app */ = {isa = PBXFileReference; explicitFileType = wrapper.application; includeInIndex = 0; path = Server.app; sourceTree = BUILT_PRODUCTS_DIR; };
		DABFDB991E988B2800B75179 /* AppDelegate.swift */ = {isa = PBXFileReference; lastKnownFileType = sourcecode.swift; path = AppDelegate.swift; sourceTree = "<group>"; };
		DABFDB9B1E988B2800B75179 /* ViewController.swift */ = {isa = PBXFileReference; lastKnownFileType = sourcecode.swift; path = ViewController.swift; sourceTree = "<group>"; };
		DABFDB9D1E988B2800B75179 /* Assets.xcassets */ = {isa = PBXFileReference; lastKnownFileType = folder.assetcatalog; path = Assets.xcassets; sourceTree = "<group>"; };
		DABFDBA01E988B2800B75179 /* Base */ = {isa = PBXFileReference; lastKnownFileType = file.storyboard; name = Base; path = Base.lproj/Main.storyboard; sourceTree = "<group>"; };
		DABFDBA21E988B2800B75179 /* Info.plist */ = {isa = PBXFileReference; lastKnownFileType = text.plist.xml; path = Info.plist; sourceTree = "<group>"; };
		DABFDBAA1E988B8800B75179 /* UnitTesting.xctest */ = {isa = PBXFileReference; explicitFileType = wrapper.cfbundle; includeInIndex = 0; path = UnitTesting.xctest; sourceTree = BUILT_PRODUCTS_DIR; };
		DABFDBAC1E988B8800B75179 /* UnitTesting.swift */ = {isa = PBXFileReference; lastKnownFileType = sourcecode.swift; path = UnitTesting.swift; sourceTree = "<group>"; };
		DABFDBAE1E988B8800B75179 /* Info.plist */ = {isa = PBXFileReference; lastKnownFileType = text.plist.xml; path = Info.plist; sourceTree = "<group>"; };
		DABFDBB41E988BBC00B75179 /* Server-Bridging-Header.h */ = {isa = PBXFileReference; lastKnownFileType = sourcecode.c.h; path = "Server-Bridging-Header.h"; sourceTree = "<group>"; };
		DABFDBB51E988D5100B75179 /* ByteOrderTest.swift */ = {isa = PBXFileReference; fileEncoding = 4; lastKnownFileType = sourcecode.swift; path = ByteOrderTest.swift; sourceTree = "<group>"; };
		DABFDBB61E988D5100B75179 /* NetworkInterfaceTest.swift */ = {isa = PBXFileReference; fileEncoding = 4; lastKnownFileType = sourcecode.swift; path = NetworkInterfaceTest.swift; sourceTree = "<group>"; };
		DABFDBBA1E988D5B00B75179 /* AddrInfo.h */ = {isa = PBXFileReference; fileEncoding = 4; lastKnownFileType = sourcecode.c.h; path = AddrInfo.h; sourceTree = "<group>"; };
		DABFDBBB1E988D5B00B75179 /* AddrInfo.m */ = {isa = PBXFileReference; fileEncoding = 4; lastKnownFileType = sourcecode.c.objc; path = AddrInfo.m; sourceTree = "<group>"; };
		DABFDBBC1E988D5B00B75179 /* BSDSocketClient.h */ = {isa = PBXFileReference; fileEncoding = 4; lastKnownFileType = sourcecode.c.h; path = BSDSocketClient.h; sourceTree = "<group>"; };
		DABFDBBD1E988D5B00B75179 /* BSDSocketClient.m */ = {isa = PBXFileReference; fileEncoding = 4; lastKnownFileType = sourcecode.c.objc; path = BSDSocketClient.m; sourceTree = "<group>"; };
		DABFDBBE1E988D5B00B75179 /* BSDSocketServer.h */ = {isa = PBXFileReference; fileEncoding = 4; lastKnownFileType = sourcecode.c.h; path = BSDSocketServer.h; sourceTree = "<group>"; };
		DABFDBBF1E988D5B00B75179 /* BSDSocketServer.m */ = {isa = PBXFileReference; fileEncoding = 4; lastKnownFileType = sourcecode.c.objc; path = BSDSocketServer.m; sourceTree = "<group>"; };
		DABFDBC01E988D5B00B75179 /* ByteOrder.h */ = {isa = PBXFileReference; fileEncoding = 4; lastKnownFileType = sourcecode.c.h; path = ByteOrder.h; sourceTree = "<group>"; };
		DABFDBC11E988D5B00B75179 /* ByteOrder.m */ = {isa = PBXFileReference; fileEncoding = 4; lastKnownFileType = sourcecode.c.objc; path = ByteOrder.m; sourceTree = "<group>"; };
		DABFDBC21E988D5B00B75179 /* NetworkInterfaceAddress.h */ = {isa = PBXFileReference; fileEncoding = 4; lastKnownFileType = sourcecode.c.h; path = NetworkInterfaceAddress.h; sourceTree = "<group>"; };
		DABFDBC31E988D5B00B75179 /* NetworkInterfaceAddress.m */ = {isa = PBXFileReference; fileEncoding = 4; lastKnownFileType = sourcecode.c.objc; path = NetworkInterfaceAddress.m; sourceTree = "<group>"; };
		DABFDBC41E988D5B00B75179 /* NetworkInterfaceUtil.h */ = {isa = PBXFileReference; fileEncoding = 4; lastKnownFileType = sourcecode.c.h; path = NetworkInterfaceUtil.h; sourceTree = "<group>"; };
		DABFDBC51E988D5B00B75179 /* NetworkInterfaceUtil.m */ = {isa = PBXFileReference; fileEncoding = 4; lastKnownFileType = sourcecode.c.objc; path = NetworkInterfaceUtil.m; sourceTree = "<group>"; };
		DABFDBD81E988DE700B75179 /* General-Bridge-Header.h */ = {isa = PBXFileReference; lastKnownFileType = sourcecode.c.h; path = "General-Bridge-Header.h"; sourceTree = "<group>"; };
		DABFDBD91E988E2500B75179 /* Client-Bridging-Header.h */ = {isa = PBXFileReference; lastKnownFileType = sourcecode.c.h; path = "Client-Bridging-Header.h"; sourceTree = "<group>"; };
		DABFDBDA1E988E3800B75179 /* UnitTesting-Bridging-Header.h */ = {isa = PBXFileReference; lastKnownFileType = sourcecode.c.h; path = "UnitTesting-Bridging-Header.h"; sourceTree = "<group>"; };
		DABFDBDB1E98B52600B75179 /* SocketClientViewController.swift */ = {isa = PBXFileReference; fileEncoding = 4; lastKnownFileType = sourcecode.swift; path = SocketClientViewController.swift; sourceTree = "<group>"; };
		DAC372A01E9C7A2700B5F553 /* HostUtil.h */ = {isa = PBXFileReference; fileEncoding = 4; lastKnownFileType = sourcecode.c.h; path = HostUtil.h; sourceTree = "<group>"; };
		DAC372A11E9C7A2700B5F553 /* HostUtil.m */ = {isa = PBXFileReference; fileEncoding = 4; lastKnownFileType = sourcecode.c.objc; path = HostUtil.m; sourceTree = "<group>"; };
/* End PBXFileReference section */

/* Begin PBXFrameworksBuildPhase section */
		DABFDB4C1E988A2700B75179 /* Frameworks */ = {
			isa = PBXFrameworksBuildPhase;
			buildActionMask = 2147483647;
			files = (
			);
			runOnlyForDeploymentPostprocessing = 0;
		};
		DABFDB941E988B2800B75179 /* Frameworks */ = {
			isa = PBXFrameworksBuildPhase;
			buildActionMask = 2147483647;
			files = (
			);
			runOnlyForDeploymentPostprocessing = 0;
		};
		DABFDBA71E988B8800B75179 /* Frameworks */ = {
			isa = PBXFrameworksBuildPhase;
			buildActionMask = 2147483647;
			files = (
			);
			runOnlyForDeploymentPostprocessing = 0;
		};
/* End PBXFrameworksBuildPhase section */

/* Begin PBXGroup section */
		DA48A3B81E948A7400C342F2 = {
			isa = PBXGroup;
			children = (
				DABFDBD81E988DE700B75179 /* General-Bridge-Header.h */,
				DABFDBB91E988D5B00B75179 /* Ch-01 */,
				DAC3729F1E9C798800B5F553 /* Ch-02 */,
				DABFDB501E988A2700B75179 /* Client */,
				DABFDB981E988B2800B75179 /* Server */,
				DABFDBAB1E988B8800B75179 /* UnitTesting */,
				DA48A3C21E948A7400C342F2 /* Products */,
			);
			sourceTree = "<group>";
		};
		DA48A3C21E948A7400C342F2 /* Products */ = {
			isa = PBXGroup;
			children = (
				DABFDB4F1E988A2700B75179 /* Client.app */,
				DABFDB971E988B2800B75179 /* Server.app */,
				DABFDBAA1E988B8800B75179 /* UnitTesting.xctest */,
			);
			name = Products;
			sourceTree = "<group>";
		};
		DABFDB501E988A2700B75179 /* Client */ = {
			isa = PBXGroup;
			children = (
				DABFDBD91E988E2500B75179 /* Client-Bridging-Header.h */,
				DABFDB511E988A2700B75179 /* AppDelegate.swift */,
				DABFDB531E988A2700B75179 /* ViewController.swift */,
				DABFDB551E988A2700B75179 /* Main.storyboard */,
				DABFDB581E988A2700B75179 /* Assets.xcassets */,
				DABFDB5A1E988A2700B75179 /* LaunchScreen.storyboard */,
				DABFDB5D1E988A2700B75179 /* Info.plist */,
				DABFDBDB1E98B52600B75179 /* SocketClientViewController.swift */,
				DA2F146B1E9E0DE00096EFF3 /* CFNetworkUtilViewController.swift */,
			);
			path = Client;
			sourceTree = "<group>";
		};
		DABFDB981E988B2800B75179 /* Server */ = {
			isa = PBXGroup;
			children = (
				DABFDB991E988B2800B75179 /* AppDelegate.swift */,
				DABFDB9B1E988B2800B75179 /* ViewController.swift */,
				DABFDB9D1E988B2800B75179 /* Assets.xcassets */,
				DABFDB9F1E988B2800B75179 /* Main.storyboard */,
				DABFDBA21E988B2800B75179 /* Info.plist */,
				DABFDBB41E988BBC00B75179 /* Server-Bridging-Header.h */,
			);
			path = Server;
			sourceTree = "<group>";
		};
		DABFDBAB1E988B8800B75179 /* UnitTesting */ = {
			isa = PBXGroup;
			children = (
				DABFDBDA1E988E3800B75179 /* UnitTesting-Bridging-Header.h */,
				DABFDBAC1E988B8800B75179 /* UnitTesting.swift */,
				DABFDBAE1E988B8800B75179 /* Info.plist */,
				DABFDBB51E988D5100B75179 /* ByteOrderTest.swift */,
				DABFDBB61E988D5100B75179 /* NetworkInterfaceTest.swift */,
			);
			path = UnitTesting;
			sourceTree = "<group>";
		};
		DABFDBB91E988D5B00B75179 /* Ch-01 */ = {
			isa = PBXGroup;
			children = (
				DABFDBBA1E988D5B00B75179 /* AddrInfo.h */,
				DABFDBBB1E988D5B00B75179 /* AddrInfo.m */,
				DABFDBBC1E988D5B00B75179 /* BSDSocketClient.h */,
				DABFDBBD1E988D5B00B75179 /* BSDSocketClient.m */,
				DABFDBBE1E988D5B00B75179 /* BSDSocketServer.h */,
				DABFDBBF1E988D5B00B75179 /* BSDSocketServer.m */,
				DABFDBC01E988D5B00B75179 /* ByteOrder.h */,
				DABFDBC11E988D5B00B75179 /* ByteOrder.m */,
				DABFDBC21E988D5B00B75179 /* NetworkInterfaceAddress.h */,
				DABFDBC31E988D5B00B75179 /* NetworkInterfaceAddress.m */,
				DABFDBC41E988D5B00B75179 /* NetworkInterfaceUtil.h */,
				DABFDBC51E988D5B00B75179 /* NetworkInterfaceUtil.m */,
			);
			path = "Ch-01";
			sourceTree = "<group>";
		};
		DAC3729F1E9C798800B5F553 /* Ch-02 */ = {
			isa = PBXGroup;
			children = (
				DAC372A01E9C7A2700B5F553 /* HostUtil.h */,
				DAC372A11E9C7A2700B5F553 /* HostUtil.m */,
				DA2F14671E9DC11C0096EFF3 /* CFNetworkUtil.h */,
				DA2F14681E9DC11C0096EFF3 /* CFNetworkUtil.m */,
				DA2F14731E9E14A40096EFF3 /* CFSocketServer.h */,
				DA2F14741E9E14A40096EFF3 /* CFSocketServer.m */,
				DA0C71441E9F125C00B4F978 /* CFSocketClient.swift */,
				DA0C71481E9F920100B4F978 /* NetworkDetect.swift */,
			);
			path = "Ch-02";
			sourceTree = "<group>";
		};
/* End PBXGroup section */

/* Begin PBXNativeTarget section */
		DABFDB4E1E988A2700B75179 /* Client */ = {
			isa = PBXNativeTarget;
			buildConfigurationList = DABFDB5E1E988A2700B75179 /* Build configuration list for PBXNativeTarget "Client" */;
			buildPhases = (
				DABFDB4B1E988A2700B75179 /* Sources */,
				DABFDB4C1E988A2700B75179 /* Frameworks */,
				DABFDB4D1E988A2700B75179 /* Resources */,
			);
			buildRules = (
			);
			dependencies = (
			);
			name = Client;
			productName = Client;
			productReference = DABFDB4F1E988A2700B75179 /* Client.app */;
			productType = "com.apple.product-type.application";
		};
		DABFDB961E988B2800B75179 /* Server */ = {
			isa = PBXNativeTarget;
			buildConfigurationList = DABFDBA31E988B2800B75179 /* Build configuration list for PBXNativeTarget "Server" */;
			buildPhases = (
				DABFDB931E988B2800B75179 /* Sources */,
				DABFDB941E988B2800B75179 /* Frameworks */,
				DABFDB951E988B2800B75179 /* Resources */,
			);
			buildRules = (
			);
			dependencies = (
			);
			name = Server;
			productName = Server;
			productReference = DABFDB971E988B2800B75179 /* Server.app */;
			productType = "com.apple.product-type.application";
		};
		DABFDBA91E988B8800B75179 /* UnitTesting */ = {
			isa = PBXNativeTarget;
			buildConfigurationList = DABFDBB11E988B8800B75179 /* Build configuration list for PBXNativeTarget "UnitTesting" */;
			buildPhases = (
				DABFDBA61E988B8800B75179 /* Sources */,
				DABFDBA71E988B8800B75179 /* Frameworks */,
				DABFDBA81E988B8800B75179 /* Resources */,
			);
			buildRules = (
			);
			dependencies = (
				DABFDBB01E988B8800B75179 /* PBXTargetDependency */,
			);
			name = UnitTesting;
			productName = UnitTesting;
			productReference = DABFDBAA1E988B8800B75179 /* UnitTesting.xctest */;
			productType = "com.apple.product-type.bundle.unit-test";
		};
/* End PBXNativeTarget section */

/* Begin PBXProject section */
		DA48A3B91E948A7400C342F2 /* Project object */ = {
			isa = PBXProject;
			attributes = {
				LastSwiftUpdateCheck = 0830;
				LastUpgradeCheck = 0830;
				ORGANIZATIONNAME = hzyuxiaohua;
				TargetAttributes = {
					DABFDB4E1E988A2700B75179 = {
						CreatedOnToolsVersion = 8.3;
						DevelopmentTeam = 3LH7676BHR;
						ProvisioningStyle = Automatic;
					};
					DABFDB961E988B2800B75179 = {
						CreatedOnToolsVersion = 8.3;
						DevelopmentTeam = 3LH7676BHR;
						ProvisioningStyle = Automatic;
					};
					DABFDBA91E988B8800B75179 = {
						CreatedOnToolsVersion = 8.3;
						DevelopmentTeam = 3LH7676BHR;
						ProvisioningStyle = Automatic;
						TestTargetID = DABFDB961E988B2800B75179;
					};
				};
			};
			buildConfigurationList = DA48A3BC1E948A7400C342F2 /* Build configuration list for PBXProject "NetworkPragramming" */;
			compatibilityVersion = "Xcode 3.2";
			developmentRegion = English;
			hasScannedForEncodings = 0;
			knownRegions = (
				en,
				Base,
			);
			mainGroup = DA48A3B81E948A7400C342F2;
			productRefGroup = DA48A3C21E948A7400C342F2 /* Products */;
			projectDirPath = "";
			projectRoot = "";
			targets = (
				DABFDB4E1E988A2700B75179 /* Client */,
				DABFDB961E988B2800B75179 /* Server */,
				DABFDBA91E988B8800B75179 /* UnitTesting */,
			);
		};
/* End PBXProject section */

/* Begin PBXResourcesBuildPhase section */
		DABFDB4D1E988A2700B75179 /* Resources */ = {
			isa = PBXResourcesBuildPhase;
			buildActionMask = 2147483647;
			files = (
				DABFDB5C1E988A2700B75179 /* LaunchScreen.storyboard in Resources */,
				DABFDB591E988A2700B75179 /* Assets.xcassets in Resources */,
				DABFDB571E988A2700B75179 /* Main.storyboard in Resources */,
			);
			runOnlyForDeploymentPostprocessing = 0;
		};
		DABFDB951E988B2800B75179 /* Resources */ = {
			isa = PBXResourcesBuildPhase;
			buildActionMask = 2147483647;
			files = (
				DABFDB9E1E988B2800B75179 /* Assets.xcassets in Resources */,
				DABFDBA11E988B2800B75179 /* Main.storyboard in Resources */,
			);
			runOnlyForDeploymentPostprocessing = 0;
		};
		DABFDBA81E988B8800B75179 /* Resources */ = {
			isa = PBXResourcesBuildPhase;
			buildActionMask = 2147483647;
			files = (
			);
			runOnlyForDeploymentPostprocessing = 0;
		};
/* End PBXResourcesBuildPhase section */

/* Begin PBXSourcesBuildPhase section */
		DABFDB4B1E988A2700B75179 /* Sources */ = {
			isa = PBXSourcesBuildPhase;
			buildActionMask = 2147483647;
			files = (
				DA2F14751E9E14A40096EFF3 /* CFSocketServer.m in Sources */,
				DA2F146C1E9E0DE00096EFF3 /* CFNetworkUtilViewController.swift in Sources */,
				DABFDB541E988A2700B75179 /* ViewController.swift in Sources */,
				DABFDBC91E988D5B00B75179 /* BSDSocketClient.m in Sources */,
				DABFDBD51E988D5B00B75179 /* NetworkInterfaceUtil.m in Sources */,
				DABFDBD21E988D5B00B75179 /* NetworkInterfaceAddress.m in Sources */,
				DABFDBDC1E98B52600B75179 /* SocketClientViewController.swift in Sources */,
				DA0C71491E9F920100B4F978 /* NetworkDetect.swift in Sources */,
				DABFDBCF1E988D5B00B75179 /* ByteOrder.m in Sources */,
				DABFDBCC1E988D5B00B75179 /* BSDSocketServer.m in Sources */,
				DA0C71451E9F125C00B4F978 /* CFSocketClient.swift in Sources */,
				DABFDBC61E988D5B00B75179 /* AddrInfo.m in Sources */,
				DABFDB521E988A2700B75179 /* AppDelegate.swift in Sources */,
				DA2F14691E9DC11C0096EFF3 /* CFNetworkUtil.m in Sources */,
			);
			runOnlyForDeploymentPostprocessing = 0;
		};
		DABFDB931E988B2800B75179 /* Sources */ = {
			isa = PBXSourcesBuildPhase;
			buildActionMask = 2147483647;
			files = (
				DA0C71461E9F125C00B4F978 /* CFSocketClient.swift in Sources */,
				DABFDB9C1E988B2800B75179 /* ViewController.swift in Sources */,
				DABFDBCA1E988D5B00B75179 /* BSDSocketClient.m in Sources */,
				DABFDBD61E988D5B00B75179 /* NetworkInterfaceUtil.m in Sources */,
				DABFDBD31E988D5B00B75179 /* NetworkInterfaceAddress.m in Sources */,
				DABFDBD01E988D5B00B75179 /* ByteOrder.m in Sources */,
				DA2F14761E9E14A40096EFF3 /* CFSocketServer.m in Sources */,
				DAC372A31E9C7A2700B5F553 /* HostUtil.m in Sources */,
				DABFDBCD1E988D5B00B75179 /* BSDSocketServer.m in Sources */,
				DA0C714A1E9F920100B4F978 /* NetworkDetect.swift in Sources */,
				DABFDBC71E988D5B00B75179 /* AddrInfo.m in Sources */,
				DABFDB9A1E988B2800B75179 /* AppDelegate.swift in Sources */,
				DA2F146A1E9DC11C0096EFF3 /* CFNetworkUtil.m in Sources */,
			);
			runOnlyForDeploymentPostprocessing = 0;
		};
		DABFDBA61E988B8800B75179 /* Sources */ = {
			isa = PBXSourcesBuildPhase;
			buildActionMask = 2147483647;
			files = (
				DA0C71471E9F172300B4F978 /* CFSocketClient.swift in Sources */,
				DABFDBB71E988D5100B75179 /* ByteOrderTest.swift in Sources */,
				DA0C714B1E9F978B00B4F978 /* NetworkDetect.swift in Sources */,
				DABFDBB81E988D5100B75179 /* NetworkInterfaceTest.swift in Sources */,
				DABFDBAD1E988B8800B75179 /* UnitTesting.swift in Sources */,
			);
			runOnlyForDeploymentPostprocessing = 0;
		};
/* End PBXSourcesBuildPhase section */

/* Begin PBXTargetDependency section */
		DABFDBB01E988B8800B75179 /* PBXTargetDependency */ = {
			isa = PBXTargetDependency;
			target = DABFDB961E988B2800B75179 /* Server */;
			targetProxy = DABFDBAF1E988B8800B75179 /* PBXContainerItemProxy */;
		};
/* End PBXTargetDependency section */

/* Begin PBXVariantGroup section */
		DABFDB551E988A2700B75179 /* Main.storyboard */ = {
			isa = PBXVariantGroup;
			children = (
				DABFDB561E988A2700B75179 /* Base */,
			);
			name = Main.storyboard;
			sourceTree = "<group>";
		};
		DABFDB5A1E988A2700B75179 /* LaunchScreen.storyboard */ = {
			isa = PBXVariantGroup;
			children = (
				DABFDB5B1E988A2700B75179 /* Base */,
			);
			name = LaunchScreen.storyboard;
			sourceTree = "<group>";
		};
		DABFDB9F1E988B2800B75179 /* Main.storyboard */ = {
			isa = PBXVariantGroup;
			children = (
				DABFDBA01E988B2800B75179 /* Base */,
			);
			name = Main.storyboard;
			sourceTree = "<group>";
		};
/* End PBXVariantGroup section */

/* Begin XCBuildConfiguration section */
		DA48A3CE1E948A7400C342F2 /* Debug */ = {
			isa = XCBuildConfiguration;
			buildSettings = {
				ALWAYS_SEARCH_USER_PATHS = NO;
				CLANG_ANALYZER_NONNULL = YES;
				CLANG_ANALYZER_NUMBER_OBJECT_CONVERSION = YES_AGGRESSIVE;
				CLANG_CXX_LANGUAGE_STANDARD = "gnu++0x";
				CLANG_CXX_LIBRARY = "libc++";
				CLANG_ENABLE_MODULES = YES;
				CLANG_ENABLE_OBJC_ARC = YES;
				CLANG_WARN_BOOL_CONVERSION = YES;
				CLANG_WARN_CONSTANT_CONVERSION = YES;
				CLANG_WARN_DIRECT_OBJC_ISA_USAGE = YES_ERROR;
				CLANG_WARN_DOCUMENTATION_COMMENTS = YES;
				CLANG_WARN_EMPTY_BODY = YES;
				CLANG_WARN_ENUM_CONVERSION = YES;
				CLANG_WARN_INFINITE_RECURSION = YES;
				CLANG_WARN_INT_CONVERSION = YES;
				CLANG_WARN_OBJC_ROOT_CLASS = YES_ERROR;
				CLANG_WARN_SUSPICIOUS_MOVE = YES;
				CLANG_WARN_UNREACHABLE_CODE = YES;
				CLANG_WARN__DUPLICATE_METHOD_MATCH = YES;
				CODE_SIGN_IDENTITY = "-";
				COPY_PHASE_STRIP = NO;
				DEBUG_INFORMATION_FORMAT = dwarf;
				ENABLE_STRICT_OBJC_MSGSEND = YES;
				ENABLE_TESTABILITY = YES;
				GCC_C_LANGUAGE_STANDARD = gnu99;
				GCC_DYNAMIC_NO_PIC = NO;
				GCC_NO_COMMON_BLOCKS = YES;
				GCC_OPTIMIZATION_LEVEL = 0;
				GCC_PREPROCESSOR_DEFINITIONS = (
					"DEBUG=1",
					"$(inherited)",
				);
				GCC_WARN_64_TO_32_BIT_CONVERSION = YES;
				GCC_WARN_ABOUT_RETURN_TYPE = YES_ERROR;
				GCC_WARN_UNDECLARED_SELECTOR = YES;
				GCC_WARN_UNINITIALIZED_AUTOS = YES_AGGRESSIVE;
				GCC_WARN_UNUSED_FUNCTION = YES;
				GCC_WARN_UNUSED_VARIABLE = YES;
				MACOSX_DEPLOYMENT_TARGET = 10.12;
				MTL_ENABLE_DEBUG_INFO = YES;
				ONLY_ACTIVE_ARCH = YES;
				SDKROOT = macosx;
				SWIFT_ACTIVE_COMPILATION_CONDITIONS = DEBUG;
				SWIFT_OPTIMIZATION_LEVEL = "-Onone";
			};
			name = Debug;
		};
		DA48A3CF1E948A7400C342F2 /* Release */ = {
			isa = XCBuildConfiguration;
			buildSettings = {
				ALWAYS_SEARCH_USER_PATHS = NO;
				CLANG_ANALYZER_NONNULL = YES;
				CLANG_ANALYZER_NUMBER_OBJECT_CONVERSION = YES_AGGRESSIVE;
				CLANG_CXX_LANGUAGE_STANDARD = "gnu++0x";
				CLANG_CXX_LIBRARY = "libc++";
				CLANG_ENABLE_MODULES = YES;
				CLANG_ENABLE_OBJC_ARC = YES;
				CLANG_WARN_BOOL_CONVERSION = YES;
				CLANG_WARN_CONSTANT_CONVERSION = YES;
				CLANG_WARN_DIRECT_OBJC_ISA_USAGE = YES_ERROR;
				CLANG_WARN_DOCUMENTATION_COMMENTS = YES;
				CLANG_WARN_EMPTY_BODY = YES;
				CLANG_WARN_ENUM_CONVERSION = YES;
				CLANG_WARN_INFINITE_RECURSION = YES;
				CLANG_WARN_INT_CONVERSION = YES;
				CLANG_WARN_OBJC_ROOT_CLASS = YES_ERROR;
				CLANG_WARN_SUSPICIOUS_MOVE = YES;
				CLANG_WARN_UNREACHABLE_CODE = YES;
				CLANG_WARN__DUPLICATE_METHOD_MATCH = YES;
				CODE_SIGN_IDENTITY = "-";
				COPY_PHASE_STRIP = NO;
				DEBUG_INFORMATION_FORMAT = "dwarf-with-dsym";
				ENABLE_NS_ASSERTIONS = NO;
				ENABLE_STRICT_OBJC_MSGSEND = YES;
				GCC_C_LANGUAGE_STANDARD = gnu99;
				GCC_NO_COMMON_BLOCKS = YES;
				GCC_WARN_64_TO_32_BIT_CONVERSION = YES;
				GCC_WARN_ABOUT_RETURN_TYPE = YES_ERROR;
				GCC_WARN_UNDECLARED_SELECTOR = YES;
				GCC_WARN_UNINITIALIZED_AUTOS = YES_AGGRESSIVE;
				GCC_WARN_UNUSED_FUNCTION = YES;
				GCC_WARN_UNUSED_VARIABLE = YES;
				MACOSX_DEPLOYMENT_TARGET = 10.12;
				MTL_ENABLE_DEBUG_INFO = NO;
				SDKROOT = macosx;
				SWIFT_OPTIMIZATION_LEVEL = "-Owholemodule";
			};
			name = Release;
		};
		DABFDB5F1E988A2700B75179 /* Debug */ = {
			isa = XCBuildConfiguration;
			buildSettings = {
				ASSETCATALOG_COMPILER_APPICON_NAME = AppIcon;
				"CODE_SIGN_IDENTITY[sdk=iphoneos*]" = "iPhone Developer";
				DEVELOPMENT_TEAM = 3LH7676BHR;
				INFOPLIST_FILE = Client/Info.plist;
				IPHONEOS_DEPLOYMENT_TARGET = 10.3;
				LD_RUNPATH_SEARCH_PATHS = "$(inherited) @executable_path/Frameworks";
				PRODUCT_BUNDLE_IDENTIFIER = com.xy.Client;
				PRODUCT_NAME = "$(TARGET_NAME)";
				SDKROOT = iphoneos;
				SWIFT_OBJC_BRIDGING_HEADER = "/Users/hzyuxiaohua/projects/NetworkPragraming/Client/Client-Bridging-Header.h";
				SWIFT_VERSION = 3.0;
			};
			name = Debug;
		};
		DABFDB601E988A2700B75179 /* Release */ = {
			isa = XCBuildConfiguration;
			buildSettings = {
				ASSETCATALOG_COMPILER_APPICON_NAME = AppIcon;
				"CODE_SIGN_IDENTITY[sdk=iphoneos*]" = "iPhone Developer";
				DEVELOPMENT_TEAM = 3LH7676BHR;
				INFOPLIST_FILE = Client/Info.plist;
				IPHONEOS_DEPLOYMENT_TARGET = 10.3;
				LD_RUNPATH_SEARCH_PATHS = "$(inherited) @executable_path/Frameworks";
				PRODUCT_BUNDLE_IDENTIFIER = com.xy.Client;
				PRODUCT_NAME = "$(TARGET_NAME)";
				SDKROOT = iphoneos;
				SWIFT_OBJC_BRIDGING_HEADER = "/Users/hzyuxiaohua/projects/NetworkPragraming/Client/Client-Bridging-Header.h";
				SWIFT_VERSION = 3.0;
				VALIDATE_PRODUCT = YES;
			};
			name = Release;
		};
		DABFDBA41E988B2800B75179 /* Debug */ = {
			isa = XCBuildConfiguration;
			buildSettings = {
				ASSETCATALOG_COMPILER_APPICON_NAME = AppIcon;
				COMBINE_HIDPI_IMAGES = YES;
				DEVELOPMENT_TEAM = 3LH7676BHR;
				INFOPLIST_FILE = Server/Info.plist;
				LD_RUNPATH_SEARCH_PATHS = "$(inherited) @executable_path/../Frameworks";
				PRODUCT_BUNDLE_IDENTIFIER = com.xy.Server;
				PRODUCT_NAME = "$(TARGET_NAME)";
				SWIFT_OBJC_BRIDGING_HEADER = "/Users/hzyuxiaohua/projects/NetworkPragraming/Server/Server-Bridging-Header.h";
				SWIFT_VERSION = 3.0;
			};
			name = Debug;
		};
		DABFDBA51E988B2800B75179 /* Release */ = {
			isa = XCBuildConfiguration;
			buildSettings = {
				ASSETCATALOG_COMPILER_APPICON_NAME = AppIcon;
				COMBINE_HIDPI_IMAGES = YES;
				DEVELOPMENT_TEAM = 3LH7676BHR;
				INFOPLIST_FILE = Server/Info.plist;
				LD_RUNPATH_SEARCH_PATHS = "$(inherited) @executable_path/../Frameworks";
				PRODUCT_BUNDLE_IDENTIFIER = com.xy.Server;
				PRODUCT_NAME = "$(TARGET_NAME)";
				SWIFT_OBJC_BRIDGING_HEADER = "/Users/hzyuxiaohua/projects/NetworkPragraming/Server/Server-Bridging-Header.h";
				SWIFT_VERSION = 3.0;
			};
			name = Release;
		};
		DABFDBB21E988B8800B75179 /* Debug */ = {
			isa = XCBuildConfiguration;
			buildSettings = {
				BUNDLE_LOADER = "$(TEST_HOST)";
				COMBINE_HIDPI_IMAGES = YES;
				DEVELOPMENT_TEAM = 3LH7676BHR;
				INFOPLIST_FILE = UnitTesting/Info.plist;
				LD_RUNPATH_SEARCH_PATHS = "$(inherited) @executable_path/../Frameworks @loader_path/../Frameworks";
				PRODUCT_BUNDLE_IDENTIFIER = com.xy.UnitTesting;
				PRODUCT_NAME = "$(TARGET_NAME)";
				SWIFT_OBJC_BRIDGING_HEADER = "/Users/hzyuxiaohua/projects/NetworkPragraming/UnitTesting/UnitTesting-Bridging-Header.h";
				SWIFT_VERSION = 3.0;
				TEST_HOST = "$(BUILT_PRODUCTS_DIR)/Server.app/Contents/MacOS/Server";
			};
			name = Debug;
		};
		DABFDBB31E988B8800B75179 /* Release */ = {
			isa = XCBuildConfiguration;
			buildSettings = {
				BUNDLE_LOADER = "$(TEST_HOST)";
				COMBINE_HIDPI_IMAGES = YES;
				DEVELOPMENT_TEAM = 3LH7676BHR;
				INFOPLIST_FILE = UnitTesting/Info.plist;
				LD_RUNPATH_SEARCH_PATHS = "$(inherited) @executable_path/../Frameworks @loader_path/../Frameworks";
				PRODUCT_BUNDLE_IDENTIFIER = com.xy.UnitTesting;
				PRODUCT_NAME = "$(TARGET_NAME)";
				SWIFT_OBJC_BRIDGING_HEADER = "/Users/hzyuxiaohua/projects/NetworkPragraming/UnitTesting/UnitTesting-Bridging-Header.h";
				SWIFT_VERSION = 3.0;
				TEST_HOST = "$(BUILT_PRODUCTS_DIR)/Server.app/Contents/MacOS/Server";
			};
			name = Release;
		};
/* End XCBuildConfiguration section */

/* Begin XCConfigurationList section */
		DA48A3BC1E948A7400C342F2 /* Build configuration list for PBXProject "NetworkPragramming" */ = {
			isa = XCConfigurationList;
			buildConfigurations = (
				DA48A3CE1E948A7400C342F2 /* Debug */,
				DA48A3CF1E948A7400C342F2 /* Release */,
			);
			defaultConfigurationIsVisible = 0;
			defaultConfigurationName = Release;
		};
		DABFDB5E1E988A2700B75179 /* Build configuration list for PBXNativeTarget "Client" */ = {
			isa = XCConfigurationList;
			buildConfigurations = (
				DABFDB5F1E988A2700B75179 /* Debug */,
				DABFDB601E988A2700B75179 /* Release */,
			);
			defaultConfigurationIsVisible = 0;
			defaultConfigurationName = Release;
		};
		DABFDBA31E988B2800B75179 /* Build configuration list for PBXNativeTarget "Server" */ = {
			isa = XCConfigurationList;
			buildConfigurations = (
				DABFDBA41E988B2800B75179 /* Debug */,
				DABFDBA51E988B2800B75179 /* Release */,
			);
			defaultConfigurationIsVisible = 0;
			defaultConfigurationName = Release;
		};
		DABFDBB11E988B8800B75179 /* Build configuration list for PBXNativeTarget "UnitTesting" */ = {
			isa = XCConfigurationList;
			buildConfigurations = (
				DABFDBB21E988B8800B75179 /* Debug */,
				DABFDBB31E988B8800B75179 /* Release */,
			);
			defaultConfigurationIsVisible = 0;
			defaultConfigurationName = Release;
		};
/* End XCConfigurationList section */
	};
	rootObject = DA48A3B91E948A7400C342F2 /* Project object */;
}
